# THIS IS AN AUTOGENERATED FILE. DO NOT EDIT THIS FILE DIRECTLY.
# yarn lockfile v1


"@types/firefox-webext-browser@^143.0.0":
  version "143.0.0"
  resolved "https://registry.yarnpkg.com/@types/firefox-webext-browser/-/firefox-webext-browser-143.0.0.tgz#29413c9f393d4c4b5622d4a74182ff0219e98620"
  integrity sha512-865dYKMOP0CllFyHmgXV4IQgVL51OSQQCwSoihQ17EwugePKFSAZRc0EI+y7Ly4q7j5KyURlA7LgRpFieO4JOw==
